{
  "originHash" : "a353fc2fba0b10cd850df36fa9e7414f2771067e45819345b9bfdb7a85068479",
  "pins" : [
    {
      "identity" : "plume",
      "kind" : "remoteSourceControl",
      "location" : "https://github.com/ivonunes/plume.git",
      "state" : {
        "revision" : "40e3d916ee524dcdc1d14c903c9ab7dc7c82fe45",
        "version" : "1.1.0"
      }
    },
    {
      "identity" : "swift-cmark",
      "kind" : "remoteSourceControl",
      "location" : "https://github.com/apple/swift-cmark.git",
      "state" : {
        "revision" : "924936d0427cb25a61169739a7660230bffa6ea6",
        "version" : "0.8.0"
      }
    }
  ],
  "version" : 3
}
